
Microsoft Visual Studio Solution File, Format Version 12.00
# Visual Studio Version 17
VisualStudioVersion = 17.8.34322.80
MinimumVisualStudioVersion = 10.0.40219.1
Project("{9A19103F-16F7-4668-BE54-9A1E7A4F7556}") = "AnimeListSite", "AnimeListSite\AnimeListSite.csproj", "{76B092A1-5419-4546-A83C-F1DACC8271D4}"
EndProject
Project("{9A19103F-16F7-4668-BE54-9A1E7A4F7556}") = "Application", "Application\Application.csproj", "{2A55ADCD-FEBA-4A59-A3C2-2110F07BE6E6}"
EndProject
Project("{9A19103F-16F7-4668-BE54-9A1E7A4F7556}") = "Domain", "Domain\Domain.csproj", "{C2217867-CE3E-4A96-BD81-5CFE8B9EBD06}"
EndProject
Project("{9A19103F-16F7-4668-BE54-9A1E7A4F7556}") = "Infrastructure", "Infrastructure\Infrastructure.csproj", "{67DAC1AD-3245-4387-8C08-3B47AA9F7D98}"
EndProject
Global
	GlobalSection(SolutionConfigurationPlatforms) = preSolution
		Debug|Any CPU = Debug|Any CPU
		Release|Any CPU = Release|Any CPU
	EndGlobalSection
	GlobalSection(ProjectConfigurationPlatforms) = postSolution
		{76B092A1-5419-4546-A83C-F1DACC8271D4}.Debug|Any CPU.ActiveCfg = Debug|Any CPU
		{76B092A1-5419-4546-A83C-F1DACC8271D4}.Debug|Any CPU.Build.0 = Debug|Any CPU
		{76B092A1-5419-4546-A83C-F1DACC8271D4}.Release|Any CPU.ActiveCfg = Release|Any CPU
		{76B092A1-5419-4546-A83C-F1DACC8271D4}.Release|Any CPU.Build.0 = Release|Any CPU
		{2A55ADCD-FEBA-4A59-A3C2-2110F07BE6E6}.Debug|Any CPU.ActiveCfg = Debug|Any CPU
		{2A55ADCD-FEBA-4A59-A3C2-2110F07BE6E6}.Debug|Any CPU.Build.0 = Debug|Any CPU
		{2A55ADCD-FEBA-4A59-A3C2-2110F07BE6E6}.Release|Any CPU.ActiveCfg = Release|Any CPU
		{2A55ADCD-FEBA-4A59-A3C2-2110F07BE6E6}.Release|Any CPU.Build.0 = Release|Any CPU
		{C2217867-CE3E-4A96-BD81-5CFE8B9EBD06}.Debug|Any CPU.ActiveCfg = Debug|Any CPU
		{C2217867-CE3E-4A96-BD81-5CFE8B9EBD06}.Debug|Any CPU.Build.0 = Debug|Any CPU
		{C2217867-CE3E-4A96-BD81-5CFE8B9EBD06}.Release|Any CPU.ActiveCfg = Release|Any CPU
		{C2217867-CE3E-4A96-BD81-5CFE8B9EBD06}.Release|Any CPU.Build.0 = Release|Any CPU
		{67DAC1AD-3245-4387-8C08-3B47AA9F7D98}.Debug|Any CPU.ActiveCfg = Debug|Any CPU
		{67DAC1AD-3245-4387-8C08-3B47AA9F7D98}.Debug|Any CPU.Build.0 = Debug|Any CPU
		{67DAC1AD-3245-4387-8C08-3B47AA9F7D98}.Release|Any CPU.ActiveCfg = Release|Any CPU
		{67DAC1AD-3245-4387-8C08-3B47AA9F7D98}.Release|Any CPU.Build.0 = Release|Any CPU
	EndGlobalSection
	GlobalSection(SolutionProperties) = preSolution
		HideSolutionNode = FALSE
	EndGlobalSection
	GlobalSection(ExtensibilityGlobals) = postSolution
		SolutionGuid = {771433D3-3AA4-445E-AB9A-A67F8170863A}
	EndGlobalSection
EndGlobal
